// !$*UTF8*$!
{
	archiveVersion = 1;
	classes = {
	};
	objectVersion = 50;
	objects = {

/* Begin PBXBuildFile section */
		C60E842620C471AA00557AB7 /* AppDelegate.swift in Sources */ = {isa = PBXBuildFile; fileRef = C60E842520C471AA00557AB7 /* AppDelegate.swift */; };
		C60E842820C471AA00557AB7 /* ViewController.swift in Sources */ = {isa = PBXBuildFile; fileRef = C60E842720C471AA00557AB7 /* ViewController.swift */; };
		C60E842B20C471AA00557AB7 /* Main.storyboard in Resources */ = {isa = PBXBuildFile; fileRef = C60E842920C471AA00557AB7 /* Main.storyboard */; };
		C60E842D20C471AC00557AB7 /* Assets.xcassets in Resources */ = {isa = PBXBuildFile; fileRef = C60E842C20C471AC00557AB7 /* Assets.xcassets */; };
		C60E843020C471AC00557AB7 /* LaunchScreen.storyboard in Resources */ = {isa = PBXBuildFile; fileRef = C60E842E20C471AC00557AB7 /* LaunchScreen.storyboard */; };
		C62DA10620CC572600C7AD83 /* Pods_RaspberryPiMonitor.framework in Frameworks */ = {isa = PBXBuildFile; fileRef = C62DA10520CC572600C7AD83 /* Pods_RaspberryPiMonitor.framework */; };
/* End PBXBuildFile section */

/* Begin PBXFileReference section */
		2D1CBDDC3C3FB0AA3B17A6F2 /* Pods-RaspberryPiMonitor.release.xcconfig */ = {isa = PBXFileReference; includeInIndex = 1; lastKnownFileType = text.xcconfig; name = "Pods-RaspberryPiMonitor.release.xcconfig"; path = "Pods/Target Support Files/Pods-RaspberryPiMonitor/Pods-RaspberryPiMonitor.release.xcconfig"; sourceTree = "<group>"; };
		C60E842220C471AA00557AB7 /* RaspberryPiMonitor.app */ = {isa = PBXFileReference; explicitFileType = wrapper.application; includeInIndex = 0; path = RaspberryPiMonitor.app; sourceTree = BUILT_PRODUCTS_DIR; };
		C60E842520C471AA00557AB7 /* AppDelegate.swift */ = {isa = PBXFileReference; lastKnownFileType = sourcecode.swift; path = AppDelegate.swift; sourceTree = "<group>"; };
		C60E842720C471AA00557AB7 /* ViewController.swift */ = {isa = PBXFileReference; lastKnownFileType = sourcecode.swift; path = ViewController.swift; sourceTree = "<group>"; };
		C60E842A20C471AA00557AB7 /* Base */ = {isa = PBXFileReference; lastKnownFileType = file.storyboard; name = Base; path = Base.lproj/Main.storyboard; sourceTree = "<group>"; };
		C60E842C20C471AC00557AB7 /* Assets.xcassets */ = {isa = PBXFileReference; lastKnownFileType = folder.assetcatalog; path = Assets.xcassets; sourceTree = "<group>"; };
		C60E842F20C471AC00557AB7 /* Base */ = {isa = PBXFileReference; lastKnownFileType = file.storyboard; name = Base; path = Base.lproj/LaunchScreen.storyboard; sourceTree = "<group>"; };
		C60E843120C471AC00557AB7 /* Info.plist */ = {isa = PBXFileReference; lastKnownFileType = text.plist.xml; path = Info.plist; sourceTree = "<group>"; };
		C60E843A20C481F000557AB7 /* README.md */ = {isa = PBXFileReference; lastKnownFileType = net.daringfireball.markdown; path = README.md; sourceTree = "<group>"; };
		C62DA10320CC570600C7AD83 /* Classes */ = {isa = PBXFileReference; explicitFileType = wrapper.framework; name = Classes; path = /Users/snowicki/xcode/RPiMonitor/RaspberryPiMonitor/Pods/MJPEGStreamLib/MJPEGStreamLib.framework/Classes; sourceTree = "<absolute>"; };
		C62DA10520CC572600C7AD83 /* Pods_RaspberryPiMonitor.framework */ = {isa = PBXFileReference; explicitFileType = wrapper.framework; path = Pods_RaspberryPiMonitor.framework; sourceTree = BUILT_PRODUCTS_DIR; };
		C87AEEE08D45E732582D1A75 /* Pods-RaspberryPiMonitor.debug.xcconfig */ = {isa = PBXFileReference; includeInIndex = 1; lastKnownFileType = text.xcconfig; name = "Pods-RaspberryPiMonitor.debug.xcconfig"; path = "Pods/Target Support Files/Pods-RaspberryPiMonitor/Pods-RaspberryPiMonitor.debug.xcconfig"; sourceTree = "<group>"; };
/* End PBXFileReference section */

/* Begin PBXFrameworksBuildPhase section */
		C60E841F20C471AA00557AB7 /* Frameworks */ = {
			isa = PBXFrameworksBuildPhase;
			buildActionMask = 2147483647;
			files = (
				C62DA10620CC572600C7AD83 /* Pods_RaspberryPiMonitor.framework in Frameworks */,
			);
			runOnlyForDeploymentPostprocessing = 0;
		};
/* End PBXFrameworksBuildPhase section */

/* Begin PBXGroup section */
		77E359B3FDDE14FB81B10C6E /* Pods */ = {
			isa = PBXGroup;
			children = (
				C87AEEE08D45E732582D1A75 /* Pods-RaspberryPiMonitor.debug.xcconfig */,
				2D1CBDDC3C3FB0AA3B17A6F2 /* Pods-RaspberryPiMonitor.release.xcconfig */,
			);
			name = Pods;
			sourceTree = "<group>";
		};
		C60E841920C471AA00557AB7 = {
			isa = PBXGroup;
			children = (
				C60E842420C471AA00557AB7 /* RaspberryPiMonitor */,
				C60E842320C471AA00557AB7 /* Products */,
				C62DA10220CC570600C7AD83 /* Frameworks */,
				77E359B3FDDE14FB81B10C6E /* Pods */,
			);
			sourceTree = "<group>";
		};
		C60E842320C471AA00557AB7 /* Products */ = {
			isa = PBXGroup;
			children = (
				C60E842220C471AA00557AB7 /* RaspberryPiMonitor.app */,
			);
			name = Products;
			sourceTree = "<group>";
		};
		C60E842420C471AA00557AB7 /* RaspberryPiMonitor */ = {
			isa = PBXGroup;
			children = (
				C60E842520C471AA00557AB7 /* AppDelegate.swift */,
				C60E842720C471AA00557AB7 /* ViewController.swift */,
				C60E842920C471AA00557AB7 /* Main.storyboard */,
				C60E842C20C471AC00557AB7 /* Assets.xcassets */,
				C60E842E20C471AC00557AB7 /* LaunchScreen.storyboard */,
				C60E843120C471AC00557AB7 /* Info.plist */,
				C60E843A20C481F000557AB7 /* README.md */,
			);
			path = RaspberryPiMonitor;
			sourceTree = "<group>";
		};
		C62DA10220CC570600C7AD83 /* Frameworks */ = {
			isa = PBXGroup;
			children = (
				C62DA10520CC572600C7AD83 /* Pods_RaspberryPiMonitor.framework */,
				C62DA10320CC570600C7AD83 /* Classes */,
			);
			name = Frameworks;
			sourceTree = "<group>";
		};
/* End PBXGroup section */

/* Begin PBXNativeTarget section */
		C60E842120C471AA00557AB7 /* RaspberryPiMonitor */ = {
			isa = PBXNativeTarget;
			buildConfigurationList = C60E843420C471AC00557AB7 /* Build configuration list for PBXNativeTarget "RaspberryPiMonitor" */;
			buildPhases = (
				97A57635EE5CFA29B7F027AA /* [CP] Check Pods Manifest.lock */,
				C60E841E20C471AA00557AB7 /* Sources */,
				C60E841F20C471AA00557AB7 /* Frameworks */,
				C60E842020C471AA00557AB7 /* Resources */,
				FD24B52DE4397684DBE17F50 /* [CP] Embed Pods Frameworks */,
			);
			buildRules = (
			);
			dependencies = (
			);
			name = RaspberryPiMonitor;
			productName = RaspberryPiMonitor;
			productReference = C60E842220C471AA00557AB7 /* RaspberryPiMonitor.app */;
			productType = "com.apple.product-type.application";
		};
/* End PBXNativeTarget section */

/* Begin PBXProject section */
		C60E841A20C471AA00557AB7 /* Project object */ = {
			isa = PBXProject;
			attributes = {
				LastSwiftUpdateCheck = 0940;
				LastUpgradeCheck = 0940;
				ORGANIZATIONNAME = "Szymon Nowicki";
				TargetAttributes = {
					C60E842120C471AA00557AB7 = {
						CreatedOnToolsVersion = 9.4;
						SystemCapabilities = {
							com.apple.BackgroundModes = {
								enabled = 1;
							};
						};
					};
				};
			};
			buildConfigurationList = C60E841D20C471AA00557AB7 /* Build configuration list for PBXProject "RaspberryPiMonitor" */;
			compatibilityVersion = "Xcode 9.3";
			developmentRegion = en;
			hasScannedForEncodings = 0;
			knownRegions = (
				en,
				Base,
			);
			mainGroup = C60E841920C471AA00557AB7;
			productRefGroup = C60E842320C471AA00557AB7 /* Products */;
			projectDirPath = "";
			projectRoot = "";
			targets = (
				C60E842120C471AA00557AB7 /* RaspberryPiMonitor */,
			);
		};
/* End PBXProject section */

/* Begin PBXResourcesBuildPhase section */
		C60E842020C471AA00557AB7 /* Resources */ = {
			isa = PBXResourcesBuildPhase;
			buildActionMask = 2147483647;
			files = (
				C60E843020C471AC00557AB7 /* LaunchScreen.storyboard in Resources */,
				C60E842D20C471AC00557AB7 /* Assets.xcassets in Resources */,
				C60E842B20C471AA00557AB7 /* Main.storyboard in Resources */,
			);
			runOnlyForDeploymentPostprocessing = 0;
		};
/* End PBXResourcesBuildPhase section */

/* Begin PBXShellScriptBuildPhase section */
		97A57635EE5CFA29B7F027AA /* [CP] Check Pods Manifest.lock */ = {
			isa = PBXShellScriptBuildPhase;
			buildActionMask = 2147483647;
			files = (
			);
			inputPaths = (
				"${PODS_PODFILE_DIR_PATH}/Podfile.lock",
				"${PODS_ROOT}/Manifest.lock",
			);
			name = "[CP] Check Pods Manifest.lock";
			outputPaths = (
				"$(DERIVED_FILE_DIR)/Pods-RaspberryPiMonitor-checkManifestLockResult.txt",
			);
			runOnlyForDeploymentPostprocessing = 0;
			shellPath = /bin/sh;
			shellScript = "diff \"${PODS_PODFILE_DIR_PATH}/Podfile.lock\" \"${PODS_ROOT}/Manifest.lock\" > /dev/null\nif [ $? != 0 ] ; then\n    # print error to STDERR\n    echo \"error: The sandbox is not in sync with the Podfile.lock. Run 'pod install' or update your CocoaPods installation.\" >&2\n    exit 1\nfi\n# This output is used by Xcode 'outputs' to avoid re-running this script phase.\necho \"SUCCESS\" > \"${SCRIPT_OUTPUT_FILE_0}\"\n";
			showEnvVarsInLog = 0;
		};
		FD24B52DE4397684DBE17F50 /* [CP] Embed Pods Frameworks */ = {
			isa = PBXShellScriptBuildPhase;
			buildActionMask = 2147483647;
			files = (
			);
			inputPaths = (
				"${SRCROOT}/Pods/Target Support Files/Pods-RaspberryPiMonitor/Pods-RaspberryPiMonitor-frameworks.sh",
				"${BUILT_PRODUCTS_DIR}/MJPEGStreamLib/MJPEGStreamLib.framework",
			);
			name = "[CP] Embed Pods Frameworks";
			outputPaths = (
				"${TARGET_BUILD_DIR}/${FRAMEWORKS_FOLDER_PATH}/MJPEGStreamLib.framework",
			);
			runOnlyForDeploymentPostprocessing = 0;
			shellPath = /bin/sh;
			shellScript = "\"${SRCROOT}/Pods/Target Support Files/Pods-RaspberryPiMonitor/Pods-RaspberryPiMonitor-frameworks.sh\"\n";
			showEnvVarsInLog = 0;
		};
/* End PBXShellScriptBuildPhase section */

/* Begin PBXSourcesBuildPhase section */
		C60E841E20C471AA00557AB7 /* Sources */ = {
			isa = PBXSourcesBuildPhase;
			buildActionMask = 2147483647;
			files = (
				C60E842820C471AA00557AB7 /* ViewController.swift in Sources */,
				C60E842620C471AA00557AB7 /* AppDelegate.swift in Sources */,
			);
			runOnlyForDeploymentPostprocessing = 0;
		};
/* End PBXSourcesBuildPhase section */

/* Begin PBXVariantGroup section */
		C60E842920C471AA00557AB7 /* Main.storyboard */ = {
			isa = PBXVariantGroup;
			children = (
				C60E842A20C471AA00557AB7 /* Base */,
			);
			name = Main.storyboard;
			sourceTree = "<group>";
		};
		C60E842E20C471AC00557AB7 /* LaunchScreen.storyboard */ = {
			isa = PBXVariantGroup;
			children = (
				C60E842F20C471AC00557AB7 /* Base */,
			);
			name = LaunchScreen.storyboard;
			sourceTree = "<group>";
		};
/* End PBXVariantGroup section */

/* Begin XCBuildConfiguration section */
		C60E843220C471AC00557AB7 /* Debug */ = {
			isa = XCBuildConfiguration;
			buildSettings = {
				ALWAYS_SEARCH_USER_PATHS = NO;
				CLANG_ANALYZER_NONNULL = YES;
				CLANG_ANALYZER_NUMBER_OBJECT_CONVERSION = YES_AGGRESSIVE;
				CLANG_CXX_LANGUAGE_STANDARD = "gnu++14";
				CLANG_CXX_LIBRARY = "libc++";
				CLANG_ENABLE_MODULES = YES;
				CLANG_ENABLE_OBJC_ARC = YES;
				CLANG_ENABLE_OBJC_WEAK = YES;
				CLANG_WARN_BLOCK_CAPTURE_AUTORELEASING = YES;
				CLANG_WARN_BOOL_CONVERSION = YES;
				CLANG_WARN_COMMA = YES;
				CLANG_WARN_CONSTANT_CONVERSION = YES;
				CLANG_WARN_DEPRECATED_OBJC_IMPLEMENTATIONS = YES;
				CLANG_WARN_DIRECT_OBJC_ISA_USAGE = YES_ERROR;
				CLANG_WARN_DOCUMENTATION_COMMENTS = YES;
				CLANG_WARN_EMPTY_BODY = YES;
				CLANG_WARN_ENUM_CONVERSION = YES;
				CLANG_WARN_INFINITE_RECURSION = YES;
				CLANG_WARN_INT_CONVERSION = YES;
				CLANG_WARN_NON_LITERAL_NULL_CONVERSION = YES;
				CLANG_WARN_OBJC_IMPLICIT_RETAIN_SELF = YES;
				CLANG_WARN_OBJC_LITERAL_CONVERSION = YES;
				CLANG_WARN_OBJC_ROOT_CLASS = YES_ERROR;
				CLANG_WARN_RANGE_LOOP_ANALYSIS = YES;
				CLANG_WARN_STRICT_PROTOTYPES = YES;
				CLANG_WARN_SUSPICIOUS_MOVE = YES;
				CLANG_WARN_UNGUARDED_AVAILABILITY = YES_AGGRESSIVE;
				CLANG_WARN_UNREACHABLE_CODE = YES;
				CLANG_WARN__DUPLICATE_METHOD_MATCH = YES;
				CODE_SIGN_IDENTITY = "iPhone Developer";
				COPY_PHASE_STRIP = NO;
				DEBUG_INFORMATION_FORMAT = dwarf;
				ENABLE_STRICT_OBJC_MSGSEND = YES;
				ENABLE_TESTABILITY = YES;
				GCC_C_LANGUAGE_STANDARD = gnu11;
				GCC_DYNAMIC_NO_PIC = NO;
				GCC_NO_COMMON_BLOCKS = YES;
				GCC_OPTIMIZATION_LEVEL = 0;
				GCC_PREPROCESSOR_DEFINITIONS = (
					"DEBUG=1",
					"$(inherited)",
				);
				GCC_WARN_64_TO_32_BIT_CONVERSION = YES;
				GCC_WARN_ABOUT_RETURN_TYPE = YES_ERROR;
				GCC_WARN_UNDECLARED_SELECTOR = YES;
				GCC_WARN_UNINITIALIZED_AUTOS = YES_AGGRESSIVE;
				GCC_WARN_UNUSED_FUNCTION = YES;
				GCC_WARN_UNUSED_VARIABLE = YES;
				IPHONEOS_DEPLOYMENT_TARGET = 11.4;
				MTL_ENABLE_DEBUG_INFO = YES;
				ONLY_ACTIVE_ARCH = YES;
				SDKROOT = iphoneos;
				SWIFT_ACTIVE_COMPILATION_CONDITIONS = DEBUG;
				SWIFT_OPTIMIZATION_LEVEL = "-Onone";
			};
			name = Debug;
		};
		C60E843320C471AC00557AB7 /* Release */ = {
			isa = XCBuildConfiguration;
			buildSettings = {
				ALWAYS_SEARCH_USER_PATHS = NO;
				CLANG_ANALYZER_NONNULL = YES;
				CLANG_ANALYZER_NUMBER_OBJECT_CONVERSION = YES_AGGRESSIVE;
				CLANG_CXX_LANGUAGE_STANDARD = "gnu++14";
				CLANG_CXX_LIBRARY = "libc++";
				CLANG_ENABLE_MODULES = YES;
				CLANG_ENABLE_OBJC_ARC = YES;
				CLANG_ENABLE_OBJC_WEAK = YES;
				CLANG_WARN_BLOCK_CAPTURE_AUTORELEASING = YES;
				CLANG_WARN_BOOL_CONVERSION = YES;
				CLANG_WARN_COMMA = YES;
				CLANG_WARN_CONSTANT_CONVERSION = YES;
				CLANG_WARN_DEPRECATED_OBJC_IMPLEMENTATIONS = YES;
				CLANG_WARN_DIRECT_OBJC_ISA_USAGE = YES_ERROR;
				CLANG_WARN_DOCUMENTATION_COMMENTS = YES;
				CLANG_WARN_EMPTY_BODY = YES;
				CLANG_WARN_ENUM_CONVERSION = YES;
				CLANG_WARN_INFINITE_RECURSION = YES;
				CLANG_WARN_INT_CONVERSION = YES;
				CLANG_WARN_NON_LITERAL_NULL_CONVERSION = YES;
				CLANG_WARN_OBJC_IMPLICIT_RETAIN_SELF = YES;
				CLANG_WARN_OBJC_LITERAL_CONVERSION = YES;
				CLANG_WARN_OBJC_ROOT_CLASS = YES_ERROR;
				CLANG_WARN_RANGE_LOOP_ANALYSIS = YES;
				CLANG_WARN_STRICT_PROTOTYPES = YES;
				CLANG_WARN_SUSPICIOUS_MOVE = YES;
				CLANG_WARN_UNGUARDED_AVAILABILITY = YES_AGGRESSIVE;
				CLANG_WARN_UNREACHABLE_CODE = YES;
				CLANG_WARN__DUPLICATE_METHOD_MATCH = YES;
				CODE_SIGN_IDENTITY = "iPhone Developer";
				COPY_PHASE_STRIP = NO;
				DEBUG_INFORMATION_FORMAT = "dwarf-with-dsym";
				ENABLE_NS_ASSERTIONS = NO;
				ENABLE_STRICT_OBJC_MSGSEND = YES;
				GCC_C_LANGUAGE_STANDARD = gnu11;
				GCC_NO_COMMON_BLOCKS = YES;
				GCC_WARN_64_TO_32_BIT_CONVERSION = YES;
				GCC_WARN_ABOUT_RETURN_TYPE = YES_ERROR;
				GCC_WARN_UNDECLARED_SELECTOR = YES;
				GCC_WARN_UNINITIALIZED_AUTOS = YES_AGGRESSIVE;
				GCC_WARN_UNUSED_FUNCTION = YES;
				GCC_WARN_UNUSED_VARIABLE = YES;
				IPHONEOS_DEPLOYMENT_TARGET = 11.4;
				MTL_ENABLE_DEBUG_INFO = NO;
				SDKROOT = iphoneos;
				SWIFT_COMPILATION_MODE = wholemodule;
				SWIFT_OPTIMIZATION_LEVEL = "-O";
				VALIDATE_PRODUCT = YES;
			};
			name = Release;
		};
		C60E843520C471AC00557AB7 /* Debug */ = {
			isa = XCBuildConfiguration;
			baseConfigurationReference = C87AEEE08D45E732582D1A75 /* Pods-RaspberryPiMonitor.debug.xcconfig */;
			buildSettings = {
				ASSETCATALOG_COMPILER_APPICON_NAME = AppIcon;
				CODE_SIGN_STYLE = Automatic;
				DEVELOPMENT_TEAM = VZ72FS46YM;
				INFOPLIST_FILE = RaspberryPiMonitor/Info.plist;
				IPHONEOS_DEPLOYMENT_TARGET = 9.3;
				LD_RUNPATH_SEARCH_PATHS = (
					"$(inherited)",
					"@executable_path/Frameworks",
				);
				PRODUCT_BUNDLE_IDENTIFIER = com.sznowicki.RaspberryPiMonitor;
				PRODUCT_NAME = "$(TARGET_NAME)";
				SWIFT_VERSION = 4.0;
				TARGETED_DEVICE_FAMILY = "1,2";
			};
			name = Debug;
		};
		C60E843620C471AC00557AB7 /* Release */ = {
			isa = XCBuildConfiguration;
			baseConfigurationReference = 2D1CBDDC3C3FB0AA3B17A6F2 /* Pods-RaspberryPiMonitor.release.xcconfig */;
			buildSettings = {
				ASSETCATALOG_COMPILER_APPICON_NAME = AppIcon;
				CODE_SIGN_STYLE = Automatic;
				DEVELOPMENT_TEAM = VZ72FS46YM;
				INFOPLIST_FILE = RaspberryPiMonitor/Info.plist;
				IPHONEOS_DEPLOYMENT_TARGET = 9.3;
				LD_RUNPATH_SEARCH_PATHS = (
					"$(inherited)",
					"@executable_path/Frameworks",
				);
				PRODUCT_BUNDLE_IDENTIFIER = com.sznowicki.RaspberryPiMonitor;
				PRODUCT_NAME = "$(TARGET_NAME)";
				SWIFT_VERSION = 4.0;
				TARGETED_DEVICE_FAMILY = "1,2";
			};
			name = Release;
		};
/* End XCBuildConfiguration section */

/* Begin XCConfigurationList section */
		C60E841D20C471AA00557AB7 /* Build configuration list for PBXProject "RaspberryPiMonitor" */ = {
			isa = XCConfigurationList;
			buildConfigurations = (
				C60E843220C471AC00557AB7 /* Debug */,
				C60E843320C471AC00557AB7 /* Release */,
			);
			defaultConfigurationIsVisible = 0;
			defaultConfigurationName = Release;
		};
		C60E843420C471AC00557AB7 /* Build configuration list for PBXNativeTarget "RaspberryPiMonitor" */ = {
			isa = XCConfigurationList;
			buildConfigurations = (
				C60E843520C471AC00557AB7 /* Debug */,
				C60E843620C471AC00557AB7 /* Release */,
			);
			defaultConfigurationIsVisible = 0;
			defaultConfigurationName = Release;
		};
/* End XCConfigurationList section */
	};
	rootObject = C60E841A20C471AA00557AB7 /* Project object */;
}
